
Microsoft Visual Studio Solution File, Format Version 12.00
# Visual Studio Version 17
VisualStudioVersion = 17.14.36212.18
MinimumVisualStudioVersion = 10.0.40219.1
Project("{9A19103F-16F7-4668-BE54-9A1E7A4F7556}") = "HotelReservation.Api", "HotelReservation\HotelReservation.Api.csproj", "{E40F3EEE-656A-4D65-BAAB-FB8FD4876BB7}"
EndProject
Project("{9A19103F-16F7-4668-BE54-9A1E7A4F7556}") = "HotelReservation.Core", "Core\HotelReservation.Core.csproj", "{6D1A86AB-1473-4FEA-BE29-2E48C2CB349E}"
EndProject
Project("{9A19103F-16F7-4668-BE54-9A1E7A4F7556}") = "HotelReservation.Infrastructure", "Infrastructure\HotelReservation.Infrastructure.csproj", "{0034C734-3F74-46D0-8B0E-2198C6ECEF4E}"
EndProject
Global
	GlobalSection(SolutionConfigurationPlatforms) = preSolution
		Debug|Any CPU = Debug|Any CPU
		Release|Any CPU = Release|Any CPU
	EndGlobalSection
	GlobalSection(ProjectConfigurationPlatforms) = postSolution
		{E40F3EEE-656A-4D65-BAAB-FB8FD4876BB7}.Debug|Any CPU.ActiveCfg = Debug|Any CPU
		{E40F3EEE-656A-4D65-BAAB-FB8FD4876BB7}.Debug|Any CPU.Build.0 = Debug|Any CPU
		{E40F3EEE-656A-4D65-BAAB-FB8FD4876BB7}.Release|Any CPU.ActiveCfg = Release|Any CPU
		{E40F3EEE-656A-4D65-BAAB-FB8FD4876BB7}.Release|Any CPU.Build.0 = Release|Any CPU
		{6D1A86AB-1473-4FEA-BE29-2E48C2CB349E}.Debug|Any CPU.ActiveCfg = Debug|Any CPU
		{6D1A86AB-1473-4FEA-BE29-2E48C2CB349E}.Debug|Any CPU.Build.0 = Debug|Any CPU
		{6D1A86AB-1473-4FEA-BE29-2E48C2CB349E}.Release|Any CPU.ActiveCfg = Release|Any CPU
		{6D1A86AB-1473-4FEA-BE29-2E48C2CB349E}.Release|Any CPU.Build.0 = Release|Any CPU
		{0034C734-3F74-46D0-8B0E-2198C6ECEF4E}.Debug|Any CPU.ActiveCfg = Debug|Any CPU
		{0034C734-3F74-46D0-8B0E-2198C6ECEF4E}.Debug|Any CPU.Build.0 = Debug|Any CPU
		{0034C734-3F74-46D0-8B0E-2198C6ECEF4E}.Release|Any CPU.ActiveCfg = Release|Any CPU
		{0034C734-3F74-46D0-8B0E-2198C6ECEF4E}.Release|Any CPU.Build.0 = Release|Any CPU
	EndGlobalSection
	GlobalSection(SolutionProperties) = preSolution
		HideSolutionNode = FALSE
	EndGlobalSection
	GlobalSection(ExtensibilityGlobals) = postSolution
		SolutionGuid = {A5D5424A-6C72-4148-B65B-739DD8A7A086}
	EndGlobalSection
EndGlobal
